// !$*UTF8*$!
{
	archiveVersion = 1;
	classes = {
	};
	objectVersion = 48;
	objects = {

/* Begin PBXBuildFile section */
		3FFB8949230994EE0036206C /* AppDelegate.swift in Sources */ = {isa = PBXBuildFile; fileRef = 3FFB8948230994EE0036206C /* AppDelegate.swift */; };
		3FFB894B230994EE0036206C /* VerkeersKaart.swift in Sources */ = {isa = PBXBuildFile; fileRef = 3FFB894A230994EE0036206C /* VerkeersKaart.swift */; };
		3FFB894E230994EE0036206C /* Main.storyboard in Resources */ = {isa = PBXBuildFile; fileRef = 3FFB894C230994EE0036206C /* Main.storyboard */; };
		3FFB8951230994EE0036206C /* MobileAppsWerkstuk2.xcdatamodeld in Sources */ = {isa = PBXBuildFile; fileRef = 3FFB894F230994EE0036206C /* MobileAppsWerkstuk2.xcdatamodeld */; };
		3FFB8953230994EE0036206C /* Assets.xcassets in Resources */ = {isa = PBXBuildFile; fileRef = 3FFB8952230994EE0036206C /* Assets.xcassets */; };
		3FFB8956230994EE0036206C /* LaunchScreen.storyboard in Resources */ = {isa = PBXBuildFile; fileRef = 3FFB8954230994EE0036206C /* LaunchScreen.storyboard */; };
/* End PBXBuildFile section */

/* Begin PBXFileReference section */
		3FFB8945230994EE0036206C /* MobileAppsWerkstuk2.app */ = {isa = PBXFileReference; explicitFileType = wrapper.application; includeInIndex = 0; path = MobileAppsWerkstuk2.app; sourceTree = BUILT_PRODUCTS_DIR; };
		3FFB8948230994EE0036206C /* AppDelegate.swift */ = {isa = PBXFileReference; lastKnownFileType = sourcecode.swift; path = AppDelegate.swift; sourceTree = "<group>"; };
		3FFB894A230994EE0036206C /* VerkeersKaart.swift */ = {isa = PBXFileReference; lastKnownFileType = sourcecode.swift; path = VerkeersKaart.swift; sourceTree = "<group>"; };
		3FFB894D230994EE0036206C /* Base */ = {isa = PBXFileReference; lastKnownFileType = file.storyboard; name = Base; path = Base.lproj/Main.storyboard; sourceTree = "<group>"; };
		3FFB8950230994EE0036206C /* MobileAppsWerkstuk2.xcdatamodel */ = {isa = PBXFileReference; lastKnownFileType = wrapper.xcdatamodel; path = MobileAppsWerkstuk2.xcdatamodel; sourceTree = "<group>"; };
		3FFB8952230994EE0036206C /* Assets.xcassets */ = {isa = PBXFileReference; lastKnownFileType = folder.assetcatalog; path = Assets.xcassets; sourceTree = "<group>"; };
		3FFB8955230994EE0036206C /* Base */ = {isa = PBXFileReference; lastKnownFileType = file.storyboard; name = Base; path = Base.lproj/LaunchScreen.storyboard; sourceTree = "<group>"; };
		3FFB8957230994EE0036206C /* Info.plist */ = {isa = PBXFileReference; lastKnownFileType = text.plist.xml; path = Info.plist; sourceTree = "<group>"; };
/* End PBXFileReference section */

/* Begin PBXFrameworksBuildPhase section */
		3FFB8942230994EE0036206C /* Frameworks */ = {
			isa = PBXFrameworksBuildPhase;
			buildActionMask = 2147483647;
			files = (
			);
			runOnlyForDeploymentPostprocessing = 0;
		};
/* End PBXFrameworksBuildPhase section */

/* Begin PBXGroup section */
		3FFB893C230994EE0036206C = {
			isa = PBXGroup;
			children = (
				3FFB8947230994EE0036206C /* MobileAppsWerkstuk2 */,
				3FFB8946230994EE0036206C /* Products */,
			);
			sourceTree = "<group>";
		};
		3FFB8946230994EE0036206C /* Products */ = {
			isa = PBXGroup;
			children = (
				3FFB8945230994EE0036206C /* MobileAppsWerkstuk2.app */,
			);
			name = Products;
			sourceTree = "<group>";
		};
		3FFB8947230994EE0036206C /* MobileAppsWerkstuk2 */ = {
			isa = PBXGroup;
			children = (
				3FFB8948230994EE0036206C /* AppDelegate.swift */,
				3FFB894A230994EE0036206C /* VerkeersKaart.swift */,
				3FFB894C230994EE0036206C /* Main.storyboard */,
				3FFB8952230994EE0036206C /* Assets.xcassets */,
				3FFB8954230994EE0036206C /* LaunchScreen.storyboard */,
				3FFB8957230994EE0036206C /* Info.plist */,
				3FFB894F230994EE0036206C /* MobileAppsWerkstuk2.xcdatamodeld */,
			);
			path = MobileAppsWerkstuk2;
			sourceTree = "<group>";
		};
/* End PBXGroup section */

/* Begin PBXNativeTarget section */
		3FFB8944230994EE0036206C /* MobileAppsWerkstuk2 */ = {
			isa = PBXNativeTarget;
			buildConfigurationList = 3FFB895A230994EE0036206C /* Build configuration list for PBXNativeTarget "MobileAppsWerkstuk2" */;
			buildPhases = (
				3FFB8941230994EE0036206C /* Sources */,
				3FFB8942230994EE0036206C /* Frameworks */,
				3FFB8943230994EE0036206C /* Resources */,
			);
			buildRules = (
			);
			dependencies = (
			);
			name = MobileAppsWerkstuk2;
			productName = MobileAppsWerkstuk2;
			productReference = 3FFB8945230994EE0036206C /* MobileAppsWerkstuk2.app */;
			productType = "com.apple.product-type.application";
		};
/* End PBXNativeTarget section */

/* Begin PBXProject section */
		3FFB893D230994EE0036206C /* Project object */ = {
			isa = PBXProject;
			attributes = {
				LastSwiftUpdateCheck = 0920;
				LastUpgradeCheck = 0920;
				ORGANIZATIONNAME = EhB;
				TargetAttributes = {
					3FFB8944230994EE0036206C = {
						CreatedOnToolsVersion = 9.2;
						ProvisioningStyle = Automatic;
					};
				};
			};
			buildConfigurationList = 3FFB8940230994EE0036206C /* Build configuration list for PBXProject "MobileAppsWerkstuk2" */;
			compatibilityVersion = "Xcode 8.0";
			developmentRegion = en;
			hasScannedForEncodings = 0;
			knownRegions = (
				en,
				Base,
			);
			mainGroup = 3FFB893C230994EE0036206C;
			productRefGroup = 3FFB8946230994EE0036206C /* Products */;
			projectDirPath = "";
			projectRoot = "";
			targets = (
				3FFB8944230994EE0036206C /* MobileAppsWerkstuk2 */,
			);
		};
/* End PBXProject section */

/* Begin PBXResourcesBuildPhase section */
		3FFB8943230994EE0036206C /* Resources */ = {
			isa = PBXResourcesBuildPhase;
			buildActionMask = 2147483647;
			files = (
				3FFB8956230994EE0036206C /* LaunchScreen.storyboard in Resources */,
				3FFB8953230994EE0036206C /* Assets.xcassets in Resources */,
				3FFB894E230994EE0036206C /* Main.storyboard in Resources */,
			);
			runOnlyForDeploymentPostprocessing = 0;
		};
/* End PBXResourcesBuildPhase section */

/* Begin PBXSourcesBuildPhase section */
		3FFB8941230994EE0036206C /* Sources */ = {
			isa = PBXSourcesBuildPhase;
			buildActionMask = 2147483647;
			files = (
				3FFB894B230994EE0036206C /* VerkeersKaart.swift in Sources */,
				3FFB8949230994EE0036206C /* AppDelegate.swift in Sources */,
				3FFB8951230994EE0036206C /* MobileAppsWerkstuk2.xcdatamodeld in Sources */,
			);
			runOnlyForDeploymentPostprocessing = 0;
		};
/* End PBXSourcesBuildPhase section */

/* Begin PBXVariantGroup section */
		3FFB894C230994EE0036206C /* Main.storyboard */ = {
			isa = PBXVariantGroup;
			children = (
				3FFB894D230994EE0036206C /* Base */,
			);
			name = Main.storyboard;
			sourceTree = "<group>";
		};
		3FFB8954230994EE0036206C /* LaunchScreen.storyboard */ = {
			isa = PBXVariantGroup;
			children = (
				3FFB8955230994EE0036206C /* Base */,
			);
			name = LaunchScreen.storyboard;
			sourceTree = "<group>";
		};
/* End PBXVariantGroup section */

/* Begin XCBuildConfiguration section */
		3FFB8958230994EE0036206C /* Debug */ = {
			isa = XCBuildConfiguration;
			buildSettings = {
				ALWAYS_SEARCH_USER_PATHS = NO;
				CLANG_ANALYZER_NONNULL = YES;
				CLANG_ANALYZER_NUMBER_OBJECT_CONVERSION = YES_AGGRESSIVE;
				CLANG_CXX_LANGUAGE_STANDARD = "gnu++14";
				CLANG_CXX_LIBRARY = "libc++";
				CLANG_ENABLE_MODULES = YES;
				CLANG_ENABLE_OBJC_ARC = YES;
				CLANG_WARN_BLOCK_CAPTURE_AUTORELEASING = YES;
				CLANG_WARN_BOOL_CONVERSION = YES;
				CLANG_WARN_COMMA = YES;
				CLANG_WARN_CONSTANT_CONVERSION = YES;
				CLANG_WARN_DIRECT_OBJC_ISA_USAGE = YES_ERROR;
				CLANG_WARN_DOCUMENTATION_COMMENTS = YES;
				CLANG_WARN_EMPTY_BODY = YES;
				CLANG_WARN_ENUM_CONVERSION = YES;
				CLANG_WARN_INFINITE_RECURSION = YES;
				CLANG_WARN_INT_CONVERSION = YES;
				CLANG_WARN_NON_LITERAL_NULL_CONVERSION = YES;
				CLANG_WARN_OBJC_LITERAL_CONVERSION = YES;
				CLANG_WARN_OBJC_ROOT_CLASS = YES_ERROR;
				CLANG_WARN_RANGE_LOOP_ANALYSIS = YES;
				CLANG_WARN_STRICT_PROTOTYPES = YES;
				CLANG_WARN_SUSPICIOUS_MOVE = YES;
				CLANG_WARN_UNGUARDED_AVAILABILITY = YES_AGGRESSIVE;
				CLANG_WARN_UNREACHABLE_CODE = YES;
				CLANG_WARN__DUPLICATE_METHOD_MATCH = YES;
				CODE_SIGN_IDENTITY = "iPhone Developer";
				COPY_PHASE_STRIP = NO;
				DEBUG_INFORMATION_FORMAT = dwarf;
				ENABLE_STRICT_OBJC_MSGSEND = YES;
				ENABLE_TESTABILITY = YES;
				GCC_C_LANGUAGE_STANDARD = gnu11;
				GCC_DYNAMIC_NO_PIC = NO;
				GCC_NO_COMMON_BLOCKS = YES;
				GCC_OPTIMIZATION_LEVEL = 0;
				GCC_PREPROCESSOR_DEFINITIONS = (
					"DEBUG=1",
					"$(inherited)",
				);
				GCC_WARN_64_TO_32_BIT_CONVERSION = YES;
				GCC_WARN_ABOUT_RETURN_TYPE = YES_ERROR;
				GCC_WARN_UNDECLARED_SELECTOR = YES;
				GCC_WARN_UNINITIALIZED_AUTOS = YES_AGGRESSIVE;
				GCC_WARN_UNUSED_FUNCTION = YES;
				GCC_WARN_UNUSED_VARIABLE = YES;
				IPHONEOS_DEPLOYMENT_TARGET = 11.2;
				MTL_ENABLE_DEBUG_INFO = YES;
				ONLY_ACTIVE_ARCH = YES;
				SDKROOT = iphoneos;
				SWIFT_ACTIVE_COMPILATION_CONDITIONS = DEBUG;
				SWIFT_OPTIMIZATION_LEVEL = "-Onone";
			};
			name = Debug;
		};
		3FFB8959230994EE0036206C /* Release */ = {
			isa = XCBuildConfiguration;
			buildSettings = {
				ALWAYS_SEARCH_USER_PATHS = NO;
				CLANG_ANALYZER_NONNULL = YES;
				CLANG_ANALYZER_NUMBER_OBJECT_CONVERSION = YES_AGGRESSIVE;
				CLANG_CXX_LANGUAGE_STANDARD = "gnu++14";
				CLANG_CXX_LIBRARY = "libc++";
				CLANG_ENABLE_MODULES = YES;
				CLANG_ENABLE_OBJC_ARC = YES;
				CLANG_WARN_BLOCK_CAPTURE_AUTORELEASING = YES;
				CLANG_WARN_BOOL_CONVERSION = YES;
				CLANG_WARN_COMMA = YES;
				CLANG_WARN_CONSTANT_CONVERSION = YES;
				CLANG_WARN_DIRECT_OBJC_ISA_USAGE = YES_ERROR;
				CLANG_WARN_DOCUMENTATION_COMMENTS = YES;
				CLANG_WARN_EMPTY_BODY = YES;
				CLANG_WARN_ENUM_CONVERSION = YES;
				CLANG_WARN_INFINITE_RECURSION = YES;
				CLANG_WARN_INT_CONVERSION = YES;
				CLANG_WARN_NON_LITERAL_NULL_CONVERSION = YES;
				CLANG_WARN_OBJC_LITERAL_CONVERSION = YES;
				CLANG_WARN_OBJC_ROOT_CLASS = YES_ERROR;
				CLANG_WARN_RANGE_LOOP_ANALYSIS = YES;
				CLANG_WARN_STRICT_PROTOTYPES = YES;
				CLANG_WARN_SUSPICIOUS_MOVE = YES;
				CLANG_WARN_UNGUARDED_AVAILABILITY = YES_AGGRESSIVE;
				CLANG_WARN_UNREACHABLE_CODE = YES;
				CLANG_WARN__DUPLICATE_METHOD_MATCH = YES;
				CODE_SIGN_IDENTITY = "iPhone Developer";
				COPY_PHASE_STRIP = NO;
				DEBUG_INFORMATION_FORMAT = "dwarf-with-dsym";
				ENABLE_NS_ASSERTIONS = NO;
				ENABLE_STRICT_OBJC_MSGSEND = YES;
				GCC_C_LANGUAGE_STANDARD = gnu11;
				GCC_NO_COMMON_BLOCKS = YES;
				GCC_WARN_64_TO_32_BIT_CONVERSION = YES;
				GCC_WARN_ABOUT_RETURN_TYPE = YES_ERROR;
				GCC_WARN_UNDECLARED_SELECTOR = YES;
				GCC_WARN_UNINITIALIZED_AUTOS = YES_AGGRESSIVE;
				GCC_WARN_UNUSED_FUNCTION = YES;
				GCC_WARN_UNUSED_VARIABLE = YES;
				IPHONEOS_DEPLOYMENT_TARGET = 11.2;
				MTL_ENABLE_DEBUG_INFO = NO;
				SDKROOT = iphoneos;
				SWIFT_OPTIMIZATION_LEVEL = "-Owholemodule";
				VALIDATE_PRODUCT = YES;
			};
			name = Release;
		};
		3FFB895B230994EE0036206C /* Debug */ = {
			isa = XCBuildConfiguration;
			buildSettings = {
				ASSETCATALOG_COMPILER_APPICON_NAME = AppIcon;
				CODE_SIGN_STYLE = Automatic;
				INFOPLIST_FILE = MobileAppsWerkstuk2/Info.plist;
				LD_RUNPATH_SEARCH_PATHS = "$(inherited) @executable_path/Frameworks";
				PRODUCT_BUNDLE_IDENTIFIER = Ehb.MobileAppsWerkstuk2;
				PRODUCT_NAME = "$(TARGET_NAME)";
				SWIFT_VERSION = 4.0;
				TARGETED_DEVICE_FAMILY = "1,2";
			};
			name = Debug;
		};
		3FFB895C230994EE0036206C /* Release */ = {
			isa = XCBuildConfiguration;
			buildSettings = {
				ASSETCATALOG_COMPILER_APPICON_NAME = AppIcon;
				CODE_SIGN_STYLE = Automatic;
				INFOPLIST_FILE = MobileAppsWerkstuk2/Info.plist;
				LD_RUNPATH_SEARCH_PATHS = "$(inherited) @executable_path/Frameworks";
				PRODUCT_BUNDLE_IDENTIFIER = Ehb.MobileAppsWerkstuk2;
				PRODUCT_NAME = "$(TARGET_NAME)";
				SWIFT_VERSION = 4.0;
				TARGETED_DEVICE_FAMILY = "1,2";
			};
			name = Release;
		};
/* End XCBuildConfiguration section */

/* Begin XCConfigurationList section */
		3FFB8940230994EE0036206C /* Build configuration list for PBXProject "MobileAppsWerkstuk2" */ = {
			isa = XCConfigurationList;
			buildConfigurations = (
				3FFB8958230994EE0036206C /* Debug */,
				3FFB8959230994EE0036206C /* Release */,
			);
			defaultConfigurationIsVisible = 0;
			defaultConfigurationName = Release;
		};
		3FFB895A230994EE0036206C /* Build configuration list for PBXNativeTarget "MobileAppsWerkstuk2" */ = {
			isa = XCConfigurationList;
			buildConfigurations = (
				3FFB895B230994EE0036206C /* Debug */,
				3FFB895C230994EE0036206C /* Release */,
			);
			defaultConfigurationIsVisible = 0;
			defaultConfigurationName = Release;
		};
/* End XCConfigurationList section */

/* Begin XCVersionGroup section */
		3FFB894F230994EE0036206C /* MobileAppsWerkstuk2.xcdatamodeld */ = {
			isa = XCVersionGroup;
			children = (
				3FFB8950230994EE0036206C /* MobileAppsWerkstuk2.xcdatamodel */,
			);
			currentVersion = 3FFB8950230994EE0036206C /* MobileAppsWerkstuk2.xcdatamodel */;
			path = MobileAppsWerkstuk2.xcdatamodeld;
			sourceTree = "<group>";
			versionGroupType = wrapper.xcdatamodel;
		};
/* End XCVersionGroup section */
	};
	rootObject = 3FFB893D230994EE0036206C /* Project object */;
}
